{
  "name": "ICPC_notebook",
  "lockfileVersion": 3,
  "requires": true,
  "packages": {
    "": {
      "dependencies": {
        "escape-html": "^1.0.3",
        "marked": "^12.0.0",
        "prism-themes": "^1.9.0",
        "prismjs": "^1.29.0"
      }
    },
    "node_modules/escape-html": {
      "version": "1.0.3",
      "resolved": "https://registry.npmjs.org/escape-html/-/escape-html-1.0.3.tgz",
      "integrity": "sha512-NiSupZ4OeuGwr68lGIeym/ksIZMJodUGOSCZ/FSnTxcrekbvqrgdUxlJOMpijaKZVjAJrWrGs/6Jy8OMuyj9ow=="
    },
    "node_modules/marked": {
      "version": "12.0.0",
      "resolved": "https://registry.npmjs.org/marked/-/marked-12.0.0.tgz",
      "integrity": "sha512-Vkwtq9rLqXryZnWaQc86+FHLC6tr/fycMfYAhiOIXkrNmeGAyhSxjqu0Rs1i0bBqw5u0S7+lV9fdH2ZSVaoa0w==",
      "bin": {
        "marked": "bin/marked.js"
      },
      "engines": {
        "node": ">= 18"
      }
    },
    "node_modules/prism-themes": {
      "version": "1.9.0",
      "resolved": "https://registry.npmjs.org/prism-themes/-/prism-themes-1.9.0.tgz",
      "integrity": "sha512-tX2AYsehKDw1EORwBps+WhBFKc2kxfoFpQAjxBndbZKr4fRmMkv47XN0BghC/K1qwodB1otbe4oF23vUTFDokw=="
    },
    "node_modules/prismjs": {
      "version": "1.29.0",
      "resolved": "https://registry.npmjs.org/prismjs/-/prismjs-1.29.0.tgz",
      "integrity": "sha512-Kx/1w86q/epKcmte75LNrEoT+lX8pBpavuAbvJWRXar7Hz8jrtF+e3vY751p0R8H9HdArwaCTNDDzHg/ScJK1Q==",
      "engines": {
        "node": ">=6"
      }
    }
  }
}
