{
  "name": "ICPC_notebook",
  "lockfileVersion": 3,
  "requires": true,
  "packages": {
    "": {
      "dependencies": {
        "escape-html": "1.0.3",
        "marked": "18.0.6",
        "prismjs": "1.30.0"
      },
      "engines": {
        "node": ">=20"
      }
    },
    "node_modules/escape-html": {
      "version": "1.0.3",
      "resolved": "https://registry.npmjs.org/escape-html/-/escape-html-1.0.3.tgz",
      "integrity": "sha512-NiSupZ4OeuGwr68lGIeym/ksIZMJodUGOSCZ/FSnTxcrekbvqrgdUxlJOMpijaKZVjAJrWrGs/6Jy8OMuyj9ow=="
    },
    "node_modules/marked": {
      "version": "18.0.6",
      "resolved": "https://registry.npmjs.org/marked/-/marked-18.0.6.tgz",
      "integrity": "sha512-MrV5puXBfuiy6wl6DLaq3BtIJQAJToAd5zt/ZKhRfGRAuFPALE7/4Y7jnxRQoEgK/pBgurGqLyAuRgZ2xOjr6w==",
      "license": "MIT",
      "bin": {
        "marked": "bin/marked.js"
      },
      "engines": {
        "node": ">= 20"
      }
    },
    "node_modules/prismjs": {
      "version": "1.30.0",
      "resolved": "https://registry.npmjs.org/prismjs/-/prismjs-1.30.0.tgz",
      "integrity": "sha512-DEvV2ZF2r2/63V+tK8hQvrR2ZGn10srHbXviTlcv7Kpzw8jWiNTqbVgjO3IY8RxrrOUF8VPMQQFysYYYv0YZxw==",
      "license": "MIT",
      "engines": {
        "node": ">=6"
      }
    }
  }
}
